
Microsoft Visual Studio Solution File, Format Version 12.00
# Visual Studio Version 16
VisualStudioVersion = 16.0.30503.244
MinimumVisualStudioVersion = 10.0.40219.1
Project("{FAE04EC0-301F-11D3-BF4B-00C04F79EFBC}") = "ConsoleApp1", "ConsoleApp1\ConsoleApp1.csproj", "{BD50B411-B4D6-4D24-BA36-48B44194547B}"
EndProject
Global
	GlobalSection(SolutionConfigurationPlatforms) = preSolution
		Debug|Any CPU = Debug|Any CPU
		Release|Any CPU = Release|Any CPU
	EndGlobalSection
	GlobalSection(ProjectConfigurationPlatforms) = postSolution
		{BD50B411-B4D6-4D24-BA36-48B44194547B}.Debug|Any CPU.ActiveCfg = Debug|Any CPU
		{BD50B411-B4D6-4D24-BA36-48B44194547B}.Debug|Any CPU.Build.0 = Debug|Any CPU
		{BD50B411-B4D6-4D24-BA36-48B44194547B}.Release|Any CPU.ActiveCfg = Release|Any CPU
		{BD50B411-B4D6-4D24-BA36-48B44194547B}.Release|Any CPU.Build.0 = Release|Any CPU
	EndGlobalSection
	GlobalSection(SolutionProperties) = preSolution
		HideSolutionNode = FALSE
	EndGlobalSection
	GlobalSection(ExtensibilityGlobals) = postSolution
		SolutionGuid = {91A85FC5-3712-410B-A004-8A1685785CF3}
	EndGlobalSection
EndGlobal
